lockfileVersion: '9.0'

settings:
  autoInstallPeers: true
  excludeLinksFromLockfile: false

importers:

  .:
    dependencies:
      '@tauri-apps/plugin-window-state':
        specifier: ~2.4.1
        version: 2.4.1

packages:

  '@tauri-apps/api@2.11.0':
    resolution: {integrity: sha512-7CinYODhky9lmO23xHnUFv0Xt43fbtWMyxZcLcRBlFkcgXKuEirBvHpmtJ89YMhyeGcq20Wuc47Fa4XjyniywA==}

  '@tauri-apps/plugin-window-state@2.4.1':
    resolution: {integrity: sha512-OuvdrzyY8Q5Dbzpj+GcrnV1iCeoZbcFdzMjanZMMcAEUNy/6PH5pxZPXpaZLOR7whlzXiuzx0L9EKZbH7zpdRw==}

snapshots:

  '@tauri-apps/api@2.11.0': {}

  '@tauri-apps/plugin-window-state@2.4.1':
    dependencies:
      '@tauri-apps/api': 2.11.0
